
Microsoft Visual Studio Solution File, Format Version 12.00
# Visual Studio Version 17
VisualStudioVersion = 17.13.35806.99
MinimumVisualStudioVersion = 10.0.40219.1
Project("{FAE04EC0-301F-11D3-BF4B-00C04F79EFBC}") = "ConsoleApp12", "ConsoleApp12\ConsoleApp12.csproj", "{0A75E47C-24B6-4901-A3A6-550BD579605A}"
EndProject
Project("{2150E333-8FDC-42A3-9474-1A3956D46DE8}") = "Solution Items", "Solution Items", "{02EA681E-C7D8-13C7-8484-4AC65E1B71E8}"
	ProjectSection(SolutionItems) = preProject
		.editorconfig = .editorconfig
	EndProjectSection
EndProject
Project("{FAE04EC0-301F-11D3-BF4B-00C04F79EFBC}") = "Tests", "Tests\Tests.csproj", "{56AE4527-C2C8-46BD-80F3-18E2808C7EBA}"
EndProject
Global
	GlobalSection(SolutionConfigurationPlatforms) = preSolution
		Debug|Any CPU = Debug|Any CPU
		Release|Any CPU = Release|Any CPU
	EndGlobalSection
	GlobalSection(ProjectConfigurationPlatforms) = postSolution
		{0A75E47C-24B6-4901-A3A6-550BD579605A}.Debug|Any CPU.ActiveCfg = Debug|Any CPU
		{0A75E47C-24B6-4901-A3A6-550BD579605A}.Debug|Any CPU.Build.0 = Debug|Any CPU
		{0A75E47C-24B6-4901-A3A6-550BD579605A}.Release|Any CPU.ActiveCfg = Release|Any CPU
		{0A75E47C-24B6-4901-A3A6-550BD579605A}.Release|Any CPU.Build.0 = Release|Any CPU
		{56AE4527-C2C8-46BD-80F3-18E2808C7EBA}.Debug|Any CPU.ActiveCfg = Debug|Any CPU
		{56AE4527-C2C8-46BD-80F3-18E2808C7EBA}.Debug|Any CPU.Build.0 = Debug|Any CPU
		{56AE4527-C2C8-46BD-80F3-18E2808C7EBA}.Release|Any CPU.ActiveCfg = Release|Any CPU
		{56AE4527-C2C8-46BD-80F3-18E2808C7EBA}.Release|Any CPU.Build.0 = Release|Any CPU
	EndGlobalSection
	GlobalSection(SolutionProperties) = preSolution
		HideSolutionNode = FALSE
	EndGlobalSection
	GlobalSection(ExtensibilityGlobals) = postSolution
		SolutionGuid = {4AE644BD-DF80-4AFE-A969-31994B5D4FB1}
	EndGlobalSection
EndGlobal
